
Microsoft Visual Studio Solution File, Format Version 12.00
# Visual Studio Version 16
VisualStudioVersion = 16.0.30523.141
MinimumVisualStudioVersion = 10.0.40219.1
Project("{FAE04EC0-301F-11D3-BF4B-00C04F79EFBC}") = "PruebaWPF", "PruebaWPF.csproj", "{CC06A506-180B-4D5C-93D2-3242265E4680}"
EndProject
Global
	GlobalSection(SolutionConfigurationPlatforms) = preSolution
		Debug|Any CPU = Debug|Any CPU
		Release|Any CPU = Release|Any CPU
	EndGlobalSection
	GlobalSection(ProjectConfigurationPlatforms) = postSolution
		{CC06A506-180B-4D5C-93D2-3242265E4680}.Debug|Any CPU.ActiveCfg = Debug|Any CPU
		{CC06A506-180B-4D5C-93D2-3242265E4680}.Debug|Any CPU.Build.0 = Debug|Any CPU
		{CC06A506-180B-4D5C-93D2-3242265E4680}.Release|Any CPU.ActiveCfg = Release|Any CPU
		{CC06A506-180B-4D5C-93D2-3242265E4680}.Release|Any CPU.Build.0 = Release|Any CPU
	EndGlobalSection
	GlobalSection(SolutionProperties) = preSolution
		HideSolutionNode = FALSE
	EndGlobalSection
	GlobalSection(ExtensibilityGlobals) = postSolution
		SolutionGuid = {E1A0DBD7-06A7-4C93-BC41-ADA0B075A863}
	EndGlobalSection
EndGlobal
